{
  "name": "@ucr/example-node-service",
  "version": "0.0.1",
  "lockfileVersion": 3,
  "requires": true,
  "packages": {
    "": {
      "name": "@ucr/example-node-service",
      "version": "0.0.1",
      "devDependencies": {
        "@types/node": "^24.0.0",
        "typescript": "^5.9.2"
      }
    }
  }
}
